
Microsoft Visual Studio Solution File, Format Version 12.00
# Visual Studio 2012
Project("{FAE04EC0-301F-11D3-BF4B-00C04F79EFBC}") = "Del1.Oppg3.Personer", "Del1.Oppg3.Personer.csproj", "{7DF4785C-B368-4140-8C9E-8A35A29246CE}"
EndProject
Global
	GlobalSection(SolutionConfigurationPlatforms) = preSolution
		Debug|Any CPU = Debug|Any CPU
		Release|Any CPU = Release|Any CPU
	EndGlobalSection
	GlobalSection(ProjectConfigurationPlatforms) = postSolution
		{7DF4785C-B368-4140-8C9E-8A35A29246CE}.Debug|Any CPU.ActiveCfg = Debug|Any CPU
		{7DF4785C-B368-4140-8C9E-8A35A29246CE}.Debug|Any CPU.Build.0 = Debug|Any CPU
		{7DF4785C-B368-4140-8C9E-8A35A29246CE}.Release|Any CPU.ActiveCfg = Release|Any CPU
		{7DF4785C-B368-4140-8C9E-8A35A29246CE}.Release|Any CPU.Build.0 = Release|Any CPU
	EndGlobalSection
	GlobalSection(SolutionProperties) = preSolution
		HideSolutionNode = FALSE
	EndGlobalSection
EndGlobal
